github.com/remyoudompheng/bigfft v0.0.0-20170806203942-52369c62f446 h1:/NRJ5vAYoqz+7sG51ubIDHXeWO8DlTSrToPu6q11ziA=
github.com/remyoudompheng/bigfft v0.0.0-20170806203942-52369c62f446/go.mod h1:uYEyJGbgTkfkS4+E/PavXkNJcbFIpEtjt2B0KDQ5+9M=
modernc.org/golex v1.0.0 h1:wWpDlbK8ejRfSyi0frMyhilD3JBvtcx2AdGDnU+JtsE=
modernc.org/golex v1.0.0/go.mod h1:b/QX9oBD/LhixY6NDh+IdGv17hgB+51fET1i2kPSmvk=
modernc.org/goyacc v1.0.0 h1:v4ZeBGrj8ZXIYwm7TS+AbRygEO1Eu+IogHCOC/Xpn64=
modernc.org/goyacc v1.0.0/go.mod h1:D+yyQT5sp6shXMXK3IMmcvXISpdywkdGexwzR6n3oMA=
modernc.org/mathutil v1.0.0 h1:93vKjrJopTPrtTNpZ8XIovER7iCIH1QU7wNbOQXC60I=
modernc.org/mathutil v1.0.0/go.mod h1:wU0vUrJsVWBZ4P6e7xtFJEhFSNsfRLJ8H458uRjg03k=
modernc.org/parser v1.0.0 h1:MdpJ9zSsHDya70GphGGR66xpHKAs6742vvDUuAFiWJk=
modernc.org/parser v1.0.0/go.mod h1:H20AntYJ2cHHL6MHthJ8LZzXCdDCHMWt1KZXtIMjejA=
modernc.org/sortutil v1.0.0 h1:SUTM1sCR0Ldpv7dbB/KCPC2zHHsZ1KrSkhmGmmV22CQ=
modernc.org/sortutil v1.0.0/go.mod h1:1QO0q8IlIlmjBIwm6t/7sof874+xCfZouyqZMLIAtxM=
modernc.org/strutil v1.0.0 h1:XVFtQwFVwc02Wk+0L/Z/zDDXO81r5Lhe6iMKmGX3KhE=
modernc.org/strutil v1.0.0/go.mod h1:lstksw84oURvj9y3tn8lGvRxyRC1S2+g5uuIzNfIOBs=
modernc.org/y v1.0.0 h1:q+eYTPFbelIRIvpZ3nU9YHqXkWXdA6oaPBczxH3k8Js=
modernc.org/y v1.0.0/go.mod h1:H/ZBgXaBwDeinh45SD8f73/1kKGkODnAsQjqTESHCes=
