github.com/gdamore/encoding v1.0.0 h1:+7OoQ1Bc6eTm5niUzBa0Ctsh6JbMW6Ra+YNuAtDBdko=
github.com/gdamore/encoding v1.0.0/go.mod h1:alR0ol34c49FCSBLjhosxzcPHQbf2trDkoo5dl+VrEg=
github.com/gdamore/tcell v1.1.1 h1:U73YL+jMem2XfhvaIUfPO6MpJawaG92B2funXVb9qLs=
github.com/gdamore/tcell v1.1.1/go.mod h1:K1udHkiR3cOtlpKG5tZPD5XxrF7v2y7lDq7Whcj+xkQ=
github.com/lucasb-eyer/go-colorful v0.0.0-20181028223441-12d3b2882a08 h1:5MnxBC15uMxFv5FY/J/8vzyaBiArCOkMdFT9Jsw78iY=
github.com/lucasb-eyer/go-colorful v0.0.0-20181028223441-12d3b2882a08/go.mod h1:NXg0ArsFk0Y01623LgUqoqcouGDB+PwCCQlrwrG6xJ4=
github.com/mattn/go-runewidth v0.0.4 h1:2BvfKmzob6Bmd4YsL0zygOqfdFnK7GR4QL06Do4/p7Y=
github.com/mattn/go-runewidth v0.0.4/go.mod h1:LwmH8dsx7+W8Uxz3IHJYH5QSwggIsqBzpuz5H//U1FU=
github.com/remyoudompheng/bigfft v0.0.0-20170806203942-52369c62f446 h1:/NRJ5vAYoqz+7sG51ubIDHXeWO8DlTSrToPu6q11ziA=
github.com/remyoudompheng/bigfft v0.0.0-20170806203942-52369c62f446/go.mod h1:uYEyJGbgTkfkS4+E/PavXkNJcbFIpEtjt2B0KDQ5+9M=
github.com/udhos/inkey v0.0.0-20190225220240-3ff89e073876 h1:MWN25XDG9wpZCE2Vv7uw9Ch21RtTVtkSImF3fLG+9TQ=
github.com/udhos/inkey v0.0.0-20190225220240-3ff89e073876/go.mod h1:Pt290EPuuqWzOTqcenshzuWN0qGij9pU3Fc7OgKakzU=
golang.org/x/text v0.3.0 h1:g61tztE5qeGQ89tm6NTjjM9VPIm088od1l6aSorWRWg=
golang.org/x/text v0.3.0/go.mod h1:NqM8EUOU14njkJ3fqMW+pc6Ldnwhi/IjpwHt7yyuwOQ=
golang.org/x/tools v0.0.0-20190212195815-340a1cdb5070 h1:YckGQYHzPFU+AzXIi95sLWrtzfBwKkWGtuym+7oENjI=
golang.org/x/tools v0.0.0-20190212195815-340a1cdb5070/go.mod h1:n7NCudcB/nEzxVGmLbDWY5pfWTLqBcC2KZ6jyYvM4mQ=
gopkg.in/DATA-DOG/go-sqlmock.v1 v1.3.0 h1:FVCohIoYO7IJoDDVpV2pdq7SgrMH6wHnuTyrdrxJNoY=
gopkg.in/DATA-DOG/go-sqlmock.v1 v1.3.0/go.mod h1:OdE7CF6DbADk7lN8LIKRzRJTTZXIjtWgA5THM5lhBAw=
modernc.org/golex v1.0.0 h1:wWpDlbK8ejRfSyi0frMyhilD3JBvtcx2AdGDnU+JtsE=
modernc.org/golex v1.0.0/go.mod h1:b/QX9oBD/LhixY6NDh+IdGv17hgB+51fET1i2kPSmvk=
modernc.org/goyacc v1.0.0 h1:v4ZeBGrj8ZXIYwm7TS+AbRygEO1Eu+IogHCOC/Xpn64=
modernc.org/goyacc v1.0.0/go.mod h1:D+yyQT5sp6shXMXK3IMmcvXISpdywkdGexwzR6n3oMA=
modernc.org/mathutil v1.0.0 h1:93vKjrJopTPrtTNpZ8XIovER7iCIH1QU7wNbOQXC60I=
modernc.org/mathutil v1.0.0/go.mod h1:wU0vUrJsVWBZ4P6e7xtFJEhFSNsfRLJ8H458uRjg03k=
modernc.org/parser v1.0.0 h1:MdpJ9zSsHDya70GphGGR66xpHKAs6742vvDUuAFiWJk=
modernc.org/parser v1.0.0/go.mod h1:H20AntYJ2cHHL6MHthJ8LZzXCdDCHMWt1KZXtIMjejA=
modernc.org/sortutil v1.0.0 h1:SUTM1sCR0Ldpv7dbB/KCPC2zHHsZ1KrSkhmGmmV22CQ=
modernc.org/sortutil v1.0.0/go.mod h1:1QO0q8IlIlmjBIwm6t/7sof874+xCfZouyqZMLIAtxM=
modernc.org/strutil v1.0.0 h1:XVFtQwFVwc02Wk+0L/Z/zDDXO81r5Lhe6iMKmGX3KhE=
modernc.org/strutil v1.0.0/go.mod h1:lstksw84oURvj9y3tn8lGvRxyRC1S2+g5uuIzNfIOBs=
modernc.org/y v1.0.0 h1:q+eYTPFbelIRIvpZ3nU9YHqXkWXdA6oaPBczxH3k8Js=
modernc.org/y v1.0.0/go.mod h1:H/ZBgXaBwDeinh45SD8f73/1kKGkODnAsQjqTESHCes=
